{
    "_meta": {
        "hash": {
            "sha256": "1bf59640dd65d1031ece56b9a282de9319ac6344ba514084a2f96e59e380f369"
        },
        "pipfile-spec": 6,
        "requires": {
            "python_version": "3.7"
        },
        "sources": [
            {
                "name": "pypi",
                "url": "https://pypi.org/simple",
                "verify_ssl": true
            }
        ]
    },
    "default": {
        "inflect": {
            "hashes": [
                "sha256:4ded1b2a6fcf0fc0397419c7727f131a93b67b80d899f2973be7758628e12b73",
                "sha256:a82b671b043ddba98ea8b2cf000b31e8b41e9197b3151567239f3bbe215dab7e"
            ],
            "index": "pypi",
            "version": "==2.1.0"
        }
    },
    "develop": {}
}
